
Microsoft Visual Studio Solution File, Format Version 12.00
# Visual Studio Version 17
VisualStudioVersion = 17.2.32616.157
MinimumVisualStudioVersion = 10.0.40219.1
Project("{FAE04EC0-301F-11D3-BF4B-00C04F79EFBC}") = "Task4.3", "Task4.3\Task4.3.csproj", "{50C839EB-1FF5-4516-855C-A969C763BD3D}"
EndProject
Global
	GlobalSection(SolutionConfigurationPlatforms) = preSolution
		Debug|Any CPU = Debug|Any CPU
		Release|Any CPU = Release|Any CPU
	EndGlobalSection
	GlobalSection(ProjectConfigurationPlatforms) = postSolution
		{50C839EB-1FF5-4516-855C-A969C763BD3D}.Debug|Any CPU.ActiveCfg = Debug|Any CPU
		{50C839EB-1FF5-4516-855C-A969C763BD3D}.Debug|Any CPU.Build.0 = Debug|Any CPU
		{50C839EB-1FF5-4516-855C-A969C763BD3D}.Release|Any CPU.ActiveCfg = Release|Any CPU
		{50C839EB-1FF5-4516-855C-A969C763BD3D}.Release|Any CPU.Build.0 = Release|Any CPU
	EndGlobalSection
	GlobalSection(SolutionProperties) = preSolution
		HideSolutionNode = FALSE
	EndGlobalSection
	GlobalSection(ExtensibilityGlobals) = postSolution
		SolutionGuid = {3798F16D-1867-4E4F-AE85-C5B816D10640}
	EndGlobalSection
EndGlobal
